// !$*UTF8*$!
{
	archiveVersion = 1;
	classes = {
	};
	objectVersion = 48;
	objects = {

/* Begin PBXBuildFile section */
		9C3EE9AB202AE03E00B069CF /* AppDelegate.swift in Sources */ = {isa = PBXBuildFile; fileRef = 9C3EE9AA202AE03E00B069CF /* AppDelegate.swift */; };
		9C3EE9B0202AE03E00B069CF /* Main.storyboard in Resources */ = {isa = PBXBuildFile; fileRef = 9C3EE9AE202AE03E00B069CF /* Main.storyboard */; };
		9C3EE9B2202AE03E00B069CF /* Assets.xcassets in Resources */ = {isa = PBXBuildFile; fileRef = 9C3EE9B1202AE03E00B069CF /* Assets.xcassets */; };
		9C3EE9B5202AE03E00B069CF /* LaunchScreen.storyboard in Resources */ = {isa = PBXBuildFile; fileRef = 9C3EE9B3202AE03E00B069CF /* LaunchScreen.storyboard */; };
		9C3EE9BD202AE13500B069CF /* SignInVC.swift in Sources */ = {isa = PBXBuildFile; fileRef = 9C3EE9BC202AE13500B069CF /* SignInVC.swift */; };
		9C3EE9BF202AE17000B069CF /* SignUpVC.swift in Sources */ = {isa = PBXBuildFile; fileRef = 9C3EE9BE202AE17000B069CF /* SignUpVC.swift */; };
		9C3EE9C1202AE18F00B069CF /* ResetPasswordVC.swift in Sources */ = {isa = PBXBuildFile; fileRef = 9C3EE9C0202AE18F00B069CF /* ResetPasswordVC.swift */; };
		9C3F1FB3202AFF3500622C36 /* Podfile in Resources */ = {isa = PBXBuildFile; fileRef = 9C3F1FB2202AFF3500622C36 /* Podfile */; };
		9C3FBD4B202BEA9900D23F7E /* HomeVC.swift in Sources */ = {isa = PBXBuildFile; fileRef = 9C3FBD4A202BEA9900D23F7E /* HomeVC.swift */; };
		9C3FBD4D202BEAC500D23F7E /* HeaderView.swift in Sources */ = {isa = PBXBuildFile; fileRef = 9C3FBD4C202BEAC500D23F7E /* HeaderView.swift */; };
		9C3FBD4F202BED2600D23F7E /* PictureCell.swift in Sources */ = {isa = PBXBuildFile; fileRef = 9C3FBD4E202BED2600D23F7E /* PictureCell.swift */; };
		9C3FBD51202C3A3000D23F7E /* FollowersVC.swift in Sources */ = {isa = PBXBuildFile; fileRef = 9C3FBD50202C3A2F00D23F7E /* FollowersVC.swift */; };
		9C3FBD53202C3A7600D23F7E /* FollowersCell.swift in Sources */ = {isa = PBXBuildFile; fileRef = 9C3FBD52202C3A7600D23F7E /* FollowersCell.swift */; };
		9C4F961720313F2A0095F53D /* GuestVC.swift in Sources */ = {isa = PBXBuildFile; fileRef = 9C4F961620313F2A0095F53D /* GuestVC.swift */; };
		9C590AE9202D3E3E00E0A174 /* EditVC.swift in Sources */ = {isa = PBXBuildFile; fileRef = 9C590AE8202D3E3E00E0A174 /* EditVC.swift */; };
		9C590AEB202D937C00E0A174 /* UploadVC.swift in Sources */ = {isa = PBXBuildFile; fileRef = 9C590AEA202D937C00E0A174 /* UploadVC.swift */; };
		9C60B874202FE52000F9C0C6 /* PostVC.swift in Sources */ = {isa = PBXBuildFile; fileRef = 9C60B873202FE52000F9C0C6 /* PostVC.swift */; };
		9C60B876202FE53800F9C0C6 /* PostCell.swift in Sources */ = {isa = PBXBuildFile; fileRef = 9C60B875202FE53800F9C0C6 /* PostCell.swift */; };
		9CD13723202B045D00568949 /* AVOSCloud.framework in Frameworks */ = {isa = PBXBuildFile; fileRef = 9CD13724202B045D00568949 /* AVOSCloud.framework */; };
		9CD13725202B046300568949 /* AVOSCloudCrashReporting.framework in Frameworks */ = {isa = PBXBuildFile; fileRef = 9CD13726202B046300568949 /* AVOSCloudCrashReporting.framework */; };
		9CD13727202B046700568949 /* AVOSCloudIM.framework in Frameworks */ = {isa = PBXBuildFile; fileRef = 9CD13728202B046700568949 /* AVOSCloudIM.framework */; };
		A21ED61B202C9A7F005FA5FE /* UserSettingVC.swift in Sources */ = {isa = PBXBuildFile; fileRef = A21ED61A202C9A7F005FA5FE /* UserSettingVC.swift */; };
		A21ED61D202C9E53005FA5FE /* SettingCell.swift in Sources */ = {isa = PBXBuildFile; fileRef = A21ED61C202C9E52005FA5FE /* SettingCell.swift */; };
		BE369E5347432320B321CF37 /* Pods_Instagram.framework in Frameworks */ = {isa = PBXBuildFile; fileRef = A74ACB02A7C49307FE554F47 /* Pods_Instagram.framework */; };
/* End PBXBuildFile section */

/* Begin PBXFileReference section */
		55CD2C410439EF40F1785EE9 /* Pods-Instagram.debug.xcconfig */ = {isa = PBXFileReference; includeInIndex = 1; lastKnownFileType = text.xcconfig; name = "Pods-Instagram.debug.xcconfig"; path = "Pods/Target Support Files/Pods-Instagram/Pods-Instagram.debug.xcconfig"; sourceTree = "<group>"; };
		9C3EE9A7202AE03E00B069CF /* Instagram.app */ = {isa = PBXFileReference; explicitFileType = wrapper.application; includeInIndex = 0; path = Instagram.app; sourceTree = BUILT_PRODUCTS_DIR; };
		9C3EE9AA202AE03E00B069CF /* AppDelegate.swift */ = {isa = PBXFileReference; lastKnownFileType = sourcecode.swift; path = AppDelegate.swift; sourceTree = "<group>"; };
		9C3EE9AF202AE03E00B069CF /* Base */ = {isa = PBXFileReference; lastKnownFileType = file.storyboard; name = Base; path = Base.lproj/Main.storyboard; sourceTree = "<group>"; };
		9C3EE9B1202AE03E00B069CF /* Assets.xcassets */ = {isa = PBXFileReference; lastKnownFileType = folder.assetcatalog; path = Assets.xcassets; sourceTree = "<group>"; };
		9C3EE9B4202AE03E00B069CF /* Base */ = {isa = PBXFileReference; lastKnownFileType = file.storyboard; name = Base; path = Base.lproj/LaunchScreen.storyboard; sourceTree = "<group>"; };
		9C3EE9B6202AE03E00B069CF /* Info.plist */ = {isa = PBXFileReference; lastKnownFileType = text.plist.xml; path = Info.plist; sourceTree = "<group>"; };
		9C3EE9BC202AE13500B069CF /* SignInVC.swift */ = {isa = PBXFileReference; lastKnownFileType = sourcecode.swift; path = SignInVC.swift; sourceTree = "<group>"; };
		9C3EE9BE202AE17000B069CF /* SignUpVC.swift */ = {isa = PBXFileReference; lastKnownFileType = sourcecode.swift; path = SignUpVC.swift; sourceTree = "<group>"; };
		9C3EE9C0202AE18F00B069CF /* ResetPasswordVC.swift */ = {isa = PBXFileReference; lastKnownFileType = sourcecode.swift; path = ResetPasswordVC.swift; sourceTree = "<group>"; };
		9C3F1FB2202AFF3500622C36 /* Podfile */ = {isa = PBXFileReference; fileEncoding = 4; lastKnownFileType = text; path = Podfile; sourceTree = "<group>"; };
		9C3FBD4A202BEA9900D23F7E /* HomeVC.swift */ = {isa = PBXFileReference; lastKnownFileType = sourcecode.swift; path = HomeVC.swift; sourceTree = "<group>"; };
		9C3FBD4C202BEAC500D23F7E /* HeaderView.swift */ = {isa = PBXFileReference; lastKnownFileType = sourcecode.swift; path = HeaderView.swift; sourceTree = "<group>"; };
		9C3FBD4E202BED2600D23F7E /* PictureCell.swift */ = {isa = PBXFileReference; lastKnownFileType = sourcecode.swift; path = PictureCell.swift; sourceTree = "<group>"; };
		9C3FBD50202C3A2F00D23F7E /* FollowersVC.swift */ = {isa = PBXFileReference; lastKnownFileType = sourcecode.swift; path = FollowersVC.swift; sourceTree = "<group>"; };
		9C3FBD52202C3A7600D23F7E /* FollowersCell.swift */ = {isa = PBXFileReference; lastKnownFileType = sourcecode.swift; path = FollowersCell.swift; sourceTree = "<group>"; };
		9C4F961620313F2A0095F53D /* GuestVC.swift */ = {isa = PBXFileReference; lastKnownFileType = sourcecode.swift; path = GuestVC.swift; sourceTree = "<group>"; };
		9C590AE8202D3E3E00E0A174 /* EditVC.swift */ = {isa = PBXFileReference; lastKnownFileType = sourcecode.swift; path = EditVC.swift; sourceTree = "<group>"; };
		9C590AEA202D937C00E0A174 /* UploadVC.swift */ = {isa = PBXFileReference; lastKnownFileType = sourcecode.swift; path = UploadVC.swift; sourceTree = "<group>"; };
		9C60B873202FE52000F9C0C6 /* PostVC.swift */ = {isa = PBXFileReference; lastKnownFileType = sourcecode.swift; path = PostVC.swift; sourceTree = "<group>"; };
		9C60B875202FE53800F9C0C6 /* PostCell.swift */ = {isa = PBXFileReference; lastKnownFileType = sourcecode.swift; path = PostCell.swift; sourceTree = "<group>"; };
		9CD13719202B007000568949 /* Instagram-Bridging-Header.h */ = {isa = PBXFileReference; lastKnownFileType = sourcecode.c.h; path = "Instagram-Bridging-Header.h"; sourceTree = "<group>"; };
		9CD13724202B045D00568949 /* AVOSCloud.framework */ = {isa = PBXFileReference; explicitFileType = wrapper.framework; path = AVOSCloud.framework; sourceTree = BUILT_PRODUCTS_DIR; };
		9CD13726202B046300568949 /* AVOSCloudCrashReporting.framework */ = {isa = PBXFileReference; explicitFileType = wrapper.framework; path = AVOSCloudCrashReporting.framework; sourceTree = BUILT_PRODUCTS_DIR; };
		9CD13728202B046700568949 /* AVOSCloudIM.framework */ = {isa = PBXFileReference; explicitFileType = wrapper.framework; path = AVOSCloudIM.framework; sourceTree = BUILT_PRODUCTS_DIR; };
		A21ED61A202C9A7F005FA5FE /* UserSettingVC.swift */ = {isa = PBXFileReference; lastKnownFileType = sourcecode.swift; path = UserSettingVC.swift; sourceTree = "<group>"; };
		A21ED61C202C9E52005FA5FE /* SettingCell.swift */ = {isa = PBXFileReference; lastKnownFileType = sourcecode.swift; path = SettingCell.swift; sourceTree = "<group>"; };
		A74ACB02A7C49307FE554F47 /* Pods_Instagram.framework */ = {isa = PBXFileReference; explicitFileType = wrapper.framework; includeInIndex = 0; path = Pods_Instagram.framework; sourceTree = BUILT_PRODUCTS_DIR; };
		EA361FAB2E9366BFAB90D4E4 /* Pods-Instagram.release.xcconfig */ = {isa = PBXFileReference; includeInIndex = 1; lastKnownFileType = text.xcconfig; name = "Pods-Instagram.release.xcconfig"; path = "Pods/Target Support Files/Pods-Instagram/Pods-Instagram.release.xcconfig"; sourceTree = "<group>"; };
/* End PBXFileReference section */

/* Begin PBXFrameworksBuildPhase section */
		9C3EE9A4202AE03E00B069CF /* Frameworks */ = {
			isa = PBXFrameworksBuildPhase;
			buildActionMask = 2147483647;
			files = (
				9CD13727202B046700568949 /* AVOSCloudIM.framework in Frameworks */,
				9CD13725202B046300568949 /* AVOSCloudCrashReporting.framework in Frameworks */,
				9CD13723202B045D00568949 /* AVOSCloud.framework in Frameworks */,
				BE369E5347432320B321CF37 /* Pods_Instagram.framework in Frameworks */,
			);
			runOnlyForDeploymentPostprocessing = 0;
		};
/* End PBXFrameworksBuildPhase section */

/* Begin PBXGroup section */
		119728BDF6813AC6EB94B380 /* Frameworks */ = {
			isa = PBXGroup;
			children = (
				9CD13728202B046700568949 /* AVOSCloudIM.framework */,
				9CD13726202B046300568949 /* AVOSCloudCrashReporting.framework */,
				9CD13724202B045D00568949 /* AVOSCloud.framework */,
				A74ACB02A7C49307FE554F47 /* Pods_Instagram.framework */,
			);
			name = Frameworks;
			sourceTree = "<group>";
		};
		9C3EE99E202AE03E00B069CF = {
			isa = PBXGroup;
			children = (
				9C3F1FB2202AFF3500622C36 /* Podfile */,
				9C3EE9A9202AE03E00B069CF /* Instagram */,
				9C3EE9A8202AE03E00B069CF /* Products */,
				E08D79BB368E13268BF191B6 /* Pods */,
				119728BDF6813AC6EB94B380 /* Frameworks */,
			);
			sourceTree = "<group>";
		};
		9C3EE9A8202AE03E00B069CF /* Products */ = {
			isa = PBXGroup;
			children = (
				9C3EE9A7202AE03E00B069CF /* Instagram.app */,
			);
			name = Products;
			sourceTree = "<group>";
		};
		9C3EE9A9202AE03E00B069CF /* Instagram */ = {
			isa = PBXGroup;
			children = (
				9C3EE9AA202AE03E00B069CF /* AppDelegate.swift */,
				9C3EE9BC202AE13500B069CF /* SignInVC.swift */,
				9C3EE9BE202AE17000B069CF /* SignUpVC.swift */,
				9C3EE9C0202AE18F00B069CF /* ResetPasswordVC.swift */,
				9C3FBD4A202BEA9900D23F7E /* HomeVC.swift */,
				9C4F961620313F2A0095F53D /* GuestVC.swift */,
				9C3FBD50202C3A2F00D23F7E /* FollowersVC.swift */,
				9C3FBD52202C3A7600D23F7E /* FollowersCell.swift */,
				9C3FBD4C202BEAC500D23F7E /* HeaderView.swift */,
				9C3FBD4E202BED2600D23F7E /* PictureCell.swift */,
				A21ED61A202C9A7F005FA5FE /* UserSettingVC.swift */,
				A21ED61C202C9E52005FA5FE /* SettingCell.swift */,
				9C590AE8202D3E3E00E0A174 /* EditVC.swift */,
				9C590AEA202D937C00E0A174 /* UploadVC.swift */,
				9C60B873202FE52000F9C0C6 /* PostVC.swift */,
				9C60B875202FE53800F9C0C6 /* PostCell.swift */,
				9CD13719202B007000568949 /* Instagram-Bridging-Header.h */,
				9C3EE9AE202AE03E00B069CF /* Main.storyboard */,
				9C3EE9B1202AE03E00B069CF /* Assets.xcassets */,
				9C3EE9B3202AE03E00B069CF /* LaunchScreen.storyboard */,
				9C3EE9B6202AE03E00B069CF /* Info.plist */,
			);
			path = Instagram;
			sourceTree = "<group>";
		};
		E08D79BB368E13268BF191B6 /* Pods */ = {
			isa = PBXGroup;
			children = (
				55CD2C410439EF40F1785EE9 /* Pods-Instagram.debug.xcconfig */,
				EA361FAB2E9366BFAB90D4E4 /* Pods-Instagram.release.xcconfig */,
			);
			name = Pods;
			sourceTree = "<group>";
		};
/* End PBXGroup section */

/* Begin PBXNativeTarget section */
		9C3EE9A6202AE03E00B069CF /* Instagram */ = {
			isa = PBXNativeTarget;
			buildConfigurationList = 9C3EE9B9202AE03E00B069CF /* Build configuration list for PBXNativeTarget "Instagram" */;
			buildPhases = (
				6E9D92FC5F936143E1EA27A9 /* [CP] Check Pods Manifest.lock */,
				9C3EE9A3202AE03E00B069CF /* Sources */,
				9C3EE9A4202AE03E00B069CF /* Frameworks */,
				9C3EE9A5202AE03E00B069CF /* Resources */,
				9165D10A1C73A40CFFA9D693 /* [CP] Embed Pods Frameworks */,
				43A3547DED2B3D8E3CF0F59B /* [CP] Copy Pods Resources */,
			);
			buildRules = (
			);
			dependencies = (
			);
			name = Instagram;
			productName = Instagram;
			productReference = 9C3EE9A7202AE03E00B069CF /* Instagram.app */;
			productType = "com.apple.product-type.application";
		};
/* End PBXNativeTarget section */

/* Begin PBXProject section */
		9C3EE99F202AE03E00B069CF /* Project object */ = {
			isa = PBXProject;
			attributes = {
				LastSwiftUpdateCheck = 0920;
				LastUpgradeCheck = 0920;
				ORGANIZATIONNAME = "rf-wen";
				TargetAttributes = {
					9C3EE9A6202AE03E00B069CF = {
						CreatedOnToolsVersion = 9.2;
						LastSwiftMigration = 0920;
						ProvisioningStyle = Automatic;
					};
				};
			};
			buildConfigurationList = 9C3EE9A2202AE03E00B069CF /* Build configuration list for PBXProject "Instagram" */;
			compatibilityVersion = "Xcode 8.0";
			developmentRegion = en;
			hasScannedForEncodings = 0;
			knownRegions = (
				en,
				Base,
			);
			mainGroup = 9C3EE99E202AE03E00B069CF;
			productRefGroup = 9C3EE9A8202AE03E00B069CF /* Products */;
			projectDirPath = "";
			projectRoot = "";
			targets = (
				9C3EE9A6202AE03E00B069CF /* Instagram */,
			);
		};
/* End PBXProject section */

/* Begin PBXResourcesBuildPhase section */
		9C3EE9A5202AE03E00B069CF /* Resources */ = {
			isa = PBXResourcesBuildPhase;
			buildActionMask = 2147483647;
			files = (
				9C3EE9B5202AE03E00B069CF /* LaunchScreen.storyboard in Resources */,
				9C3EE9B2202AE03E00B069CF /* Assets.xcassets in Resources */,
				9C3F1FB3202AFF3500622C36 /* Podfile in Resources */,
				9C3EE9B0202AE03E00B069CF /* Main.storyboard in Resources */,
			);
			runOnlyForDeploymentPostprocessing = 0;
		};
/* End PBXResourcesBuildPhase section */

/* Begin PBXShellScriptBuildPhase section */
		43A3547DED2B3D8E3CF0F59B /* [CP] Copy Pods Resources */ = {
			isa = PBXShellScriptBuildPhase;
			buildActionMask = 2147483647;
			files = (
			);
			inputPaths = (
				"${SRCROOT}/Pods/Target Support Files/Pods-Instagram/Pods-Instagram-resources.sh",
				"${PODS_ROOT}/AVOSCloud/AVOS/AVOSCloud/AVOSCloud_Art.inc",
			);
			name = "[CP] Copy Pods Resources";
			outputPaths = (
				"${TARGET_BUILD_DIR}/${UNLOCALIZED_RESOURCES_FOLDER_PATH}",
			);
			runOnlyForDeploymentPostprocessing = 0;
			shellPath = /bin/sh;
			shellScript = "\"${SRCROOT}/Pods/Target Support Files/Pods-Instagram/Pods-Instagram-resources.sh\"\n";
			showEnvVarsInLog = 0;
		};
		6E9D92FC5F936143E1EA27A9 /* [CP] Check Pods Manifest.lock */ = {
			isa = PBXShellScriptBuildPhase;
			buildActionMask = 2147483647;
			files = (
			);
			inputPaths = (
				"${PODS_PODFILE_DIR_PATH}/Podfile.lock",
				"${PODS_ROOT}/Manifest.lock",
			);
			name = "[CP] Check Pods Manifest.lock";
			outputPaths = (
				"$(DERIVED_FILE_DIR)/Pods-Instagram-checkManifestLockResult.txt",
			);
			runOnlyForDeploymentPostprocessing = 0;
			shellPath = /bin/sh;
			shellScript = "diff \"${PODS_PODFILE_DIR_PATH}/Podfile.lock\" \"${PODS_ROOT}/Manifest.lock\" > /dev/null\nif [ $? != 0 ] ; then\n    # print error to STDERR\n    echo \"error: The sandbox is not in sync with the Podfile.lock. Run 'pod install' or update your CocoaPods installation.\" >&2\n    exit 1\nfi\n# This output is used by Xcode 'outputs' to avoid re-running this script phase.\necho \"SUCCESS\" > \"${SCRIPT_OUTPUT_FILE_0}\"\n";
			showEnvVarsInLog = 0;
		};
		9165D10A1C73A40CFFA9D693 /* [CP] Embed Pods Frameworks */ = {
			isa = PBXShellScriptBuildPhase;
			buildActionMask = 2147483647;
			files = (
			);
			inputPaths = (
				"${SRCROOT}/Pods/Target Support Files/Pods-Instagram/Pods-Instagram-frameworks.sh",
				"${BUILT_PRODUCTS_DIR}/AVOSCloud/AVOSCloud.framework",
				"${BUILT_PRODUCTS_DIR}/AVOSCloudCrashReporting/AVOSCloudCrashReporting.framework",
				"${BUILT_PRODUCTS_DIR}/AVOSCloudIM/AVOSCloudIM.framework",
			);
			name = "[CP] Embed Pods Frameworks";
			outputPaths = (
				"${TARGET_BUILD_DIR}/${FRAMEWORKS_FOLDER_PATH}/AVOSCloud.framework",
				"${TARGET_BUILD_DIR}/${FRAMEWORKS_FOLDER_PATH}/AVOSCloudCrashReporting.framework",
				"${TARGET_BUILD_DIR}/${FRAMEWORKS_FOLDER_PATH}/AVOSCloudIM.framework",
			);
			runOnlyForDeploymentPostprocessing = 0;
			shellPath = /bin/sh;
			shellScript = "\"${SRCROOT}/Pods/Target Support Files/Pods-Instagram/Pods-Instagram-frameworks.sh\"\n";
			showEnvVarsInLog = 0;
		};
/* End PBXShellScriptBuildPhase section */

/* Begin PBXSourcesBuildPhase section */
		9C3EE9A3202AE03E00B069CF /* Sources */ = {
			isa = PBXSourcesBuildPhase;
			buildActionMask = 2147483647;
			files = (
				9C3EE9BD202AE13500B069CF /* SignInVC.swift in Sources */,
				9C3FBD4D202BEAC500D23F7E /* HeaderView.swift in Sources */,
				9C3FBD51202C3A3000D23F7E /* FollowersVC.swift in Sources */,
				9C3FBD4B202BEA9900D23F7E /* HomeVC.swift in Sources */,
				9C60B874202FE52000F9C0C6 /* PostVC.swift in Sources */,
				A21ED61D202C9E53005FA5FE /* SettingCell.swift in Sources */,
				A21ED61B202C9A7F005FA5FE /* UserSettingVC.swift in Sources */,
				9C3EE9BF202AE17000B069CF /* SignUpVC.swift in Sources */,
				9C590AEB202D937C00E0A174 /* UploadVC.swift in Sources */,
				9C4F961720313F2A0095F53D /* GuestVC.swift in Sources */,
				9C3EE9AB202AE03E00B069CF /* AppDelegate.swift in Sources */,
				9C3FBD53202C3A7600D23F7E /* FollowersCell.swift in Sources */,
				9C3FBD4F202BED2600D23F7E /* PictureCell.swift in Sources */,
				9C590AE9202D3E3E00E0A174 /* EditVC.swift in Sources */,
				9C3EE9C1202AE18F00B069CF /* ResetPasswordVC.swift in Sources */,
				9C60B876202FE53800F9C0C6 /* PostCell.swift in Sources */,
			);
			runOnlyForDeploymentPostprocessing = 0;
		};
/* End PBXSourcesBuildPhase section */

/* Begin PBXVariantGroup section */
		9C3EE9AE202AE03E00B069CF /* Main.storyboard */ = {
			isa = PBXVariantGroup;
			children = (
				9C3EE9AF202AE03E00B069CF /* Base */,
			);
			name = Main.storyboard;
			sourceTree = "<group>";
		};
		9C3EE9B3202AE03E00B069CF /* LaunchScreen.storyboard */ = {
			isa = PBXVariantGroup;
			children = (
				9C3EE9B4202AE03E00B069CF /* Base */,
			);
			name = LaunchScreen.storyboard;
			sourceTree = "<group>";
		};
/* End PBXVariantGroup section */

/* Begin XCBuildConfiguration section */
		9C3EE9B7202AE03E00B069CF /* Debug */ = {
			isa = XCBuildConfiguration;
			buildSettings = {
				ALWAYS_SEARCH_USER_PATHS = NO;
				CLANG_ANALYZER_NONNULL = YES;
				CLANG_ANALYZER_NUMBER_OBJECT_CONVERSION = YES_AGGRESSIVE;
				CLANG_CXX_LANGUAGE_STANDARD = "gnu++14";
				CLANG_CXX_LIBRARY = "libc++";
				CLANG_ENABLE_MODULES = YES;
				CLANG_ENABLE_OBJC_ARC = YES;
				CLANG_WARN_BLOCK_CAPTURE_AUTORELEASING = YES;
				CLANG_WARN_BOOL_CONVERSION = YES;
				CLANG_WARN_COMMA = YES;
				CLANG_WARN_CONSTANT_CONVERSION = YES;
				CLANG_WARN_DIRECT_OBJC_ISA_USAGE = YES_ERROR;
				CLANG_WARN_DOCUMENTATION_COMMENTS = YES;
				CLANG_WARN_EMPTY_BODY = YES;
				CLANG_WARN_ENUM_CONVERSION = YES;
				CLANG_WARN_INFINITE_RECURSION = YES;
				CLANG_WARN_INT_CONVERSION = YES;
				CLANG_WARN_NON_LITERAL_NULL_CONVERSION = YES;
				CLANG_WARN_OBJC_LITERAL_CONVERSION = YES;
				CLANG_WARN_OBJC_ROOT_CLASS = YES_ERROR;
				CLANG_WARN_RANGE_LOOP_ANALYSIS = YES;
				CLANG_WARN_STRICT_PROTOTYPES = YES;
				CLANG_WARN_SUSPICIOUS_MOVE = YES;
				CLANG_WARN_UNGUARDED_AVAILABILITY = YES_AGGRESSIVE;
				CLANG_WARN_UNREACHABLE_CODE = YES;
				CLANG_WARN__DUPLICATE_METHOD_MATCH = YES;
				CODE_SIGN_IDENTITY = "iPhone Developer";
				COPY_PHASE_STRIP = NO;
				DEBUG_INFORMATION_FORMAT = dwarf;
				ENABLE_STRICT_OBJC_MSGSEND = YES;
				ENABLE_TESTABILITY = YES;
				GCC_C_LANGUAGE_STANDARD = gnu11;
				GCC_DYNAMIC_NO_PIC = NO;
				GCC_NO_COMMON_BLOCKS = YES;
				GCC_OPTIMIZATION_LEVEL = 0;
				GCC_PREPROCESSOR_DEFINITIONS = (
					"DEBUG=1",
					"$(inherited)",
				);
				GCC_WARN_64_TO_32_BIT_CONVERSION = YES;
				GCC_WARN_ABOUT_RETURN_TYPE = YES_ERROR;
				GCC_WARN_UNDECLARED_SELECTOR = YES;
				GCC_WARN_UNINITIALIZED_AUTOS = YES_AGGRESSIVE;
				GCC_WARN_UNUSED_FUNCTION = YES;
				GCC_WARN_UNUSED_VARIABLE = YES;
				IPHONEOS_DEPLOYMENT_TARGET = 11.2;
				MTL_ENABLE_DEBUG_INFO = YES;
				ONLY_ACTIVE_ARCH = YES;
				SDKROOT = iphoneos;
				SWIFT_ACTIVE_COMPILATION_CONDITIONS = DEBUG;
				SWIFT_OPTIMIZATION_LEVEL = "-Onone";
			};
			name = Debug;
		};
		9C3EE9B8202AE03E00B069CF /* Release */ = {
			isa = XCBuildConfiguration;
			buildSettings = {
				ALWAYS_SEARCH_USER_PATHS = NO;
				CLANG_ANALYZER_NONNULL = YES;
				CLANG_ANALYZER_NUMBER_OBJECT_CONVERSION = YES_AGGRESSIVE;
				CLANG_CXX_LANGUAGE_STANDARD = "gnu++14";
				CLANG_CXX_LIBRARY = "libc++";
				CLANG_ENABLE_MODULES = YES;
				CLANG_ENABLE_OBJC_ARC = YES;
				CLANG_WARN_BLOCK_CAPTURE_AUTORELEASING = YES;
				CLANG_WARN_BOOL_CONVERSION = YES;
				CLANG_WARN_COMMA = YES;
				CLANG_WARN_CONSTANT_CONVERSION = YES;
				CLANG_WARN_DIRECT_OBJC_ISA_USAGE = YES_ERROR;
				CLANG_WARN_DOCUMENTATION_COMMENTS = YES;
				CLANG_WARN_EMPTY_BODY = YES;
				CLANG_WARN_ENUM_CONVERSION = YES;
				CLANG_WARN_INFINITE_RECURSION = YES;
				CLANG_WARN_INT_CONVERSION = YES;
				CLANG_WARN_NON_LITERAL_NULL_CONVERSION = YES;
				CLANG_WARN_OBJC_LITERAL_CONVERSION = YES;
				CLANG_WARN_OBJC_ROOT_CLASS = YES_ERROR;
				CLANG_WARN_RANGE_LOOP_ANALYSIS = YES;
				CLANG_WARN_STRICT_PROTOTYPES = YES;
				CLANG_WARN_SUSPICIOUS_MOVE = YES;
				CLANG_WARN_UNGUARDED_AVAILABILITY = YES_AGGRESSIVE;
				CLANG_WARN_UNREACHABLE_CODE = YES;
				CLANG_WARN__DUPLICATE_METHOD_MATCH = YES;
				CODE_SIGN_IDENTITY = "iPhone Developer";
				COPY_PHASE_STRIP = NO;
				DEBUG_INFORMATION_FORMAT = "dwarf-with-dsym";
				ENABLE_NS_ASSERTIONS = NO;
				ENABLE_STRICT_OBJC_MSGSEND = YES;
				GCC_C_LANGUAGE_STANDARD = gnu11;
				GCC_NO_COMMON_BLOCKS = YES;
				GCC_WARN_64_TO_32_BIT_CONVERSION = YES;
				GCC_WARN_ABOUT_RETURN_TYPE = YES_ERROR;
				GCC_WARN_UNDECLARED_SELECTOR = YES;
				GCC_WARN_UNINITIALIZED_AUTOS = YES_AGGRESSIVE;
				GCC_WARN_UNUSED_FUNCTION = YES;
				GCC_WARN_UNUSED_VARIABLE = YES;
				IPHONEOS_DEPLOYMENT_TARGET = 11.2;
				MTL_ENABLE_DEBUG_INFO = NO;
				SDKROOT = iphoneos;
				SWIFT_OPTIMIZATION_LEVEL = "-Owholemodule";
				VALIDATE_PRODUCT = YES;
			};
			name = Release;
		};
		9C3EE9BA202AE03E00B069CF /* Debug */ = {
			isa = XCBuildConfiguration;
			baseConfigurationReference = 55CD2C410439EF40F1785EE9 /* Pods-Instagram.debug.xcconfig */;
			buildSettings = {
				ASSETCATALOG_COMPILER_APPICON_NAME = AppIcon;
				CLANG_ENABLE_MODULES = YES;
				CODE_SIGN_STYLE = Automatic;
				DEVELOPMENT_TEAM = 997W8K9HQZ;
				INFOPLIST_FILE = Instagram/Info.plist;
				LD_RUNPATH_SEARCH_PATHS = "$(inherited) @executable_path/Frameworks";
				PRODUCT_BUNDLE_IDENTIFIER = com.wen.Instagram;
				PRODUCT_NAME = "$(TARGET_NAME)";
				SWIFT_OBJC_BRIDGING_HEADER = "Instagram/Instagram-Bridging-Header.h";
				SWIFT_OPTIMIZATION_LEVEL = "-Onone";
				SWIFT_VERSION = 4.0;
				TARGETED_DEVICE_FAMILY = "1,2";
				USER_HEADER_SEARCH_PATHS = "${SRCROOT}/**";
			};
			name = Debug;
		};
		9C3EE9BB202AE03E00B069CF /* Release */ = {
			isa = XCBuildConfiguration;
			baseConfigurationReference = EA361FAB2E9366BFAB90D4E4 /* Pods-Instagram.release.xcconfig */;
			buildSettings = {
				ASSETCATALOG_COMPILER_APPICON_NAME = AppIcon;
				CLANG_ENABLE_MODULES = YES;
				CODE_SIGN_STYLE = Automatic;
				DEVELOPMENT_TEAM = 997W8K9HQZ;
				INFOPLIST_FILE = Instagram/Info.plist;
				LD_RUNPATH_SEARCH_PATHS = "$(inherited) @executable_path/Frameworks";
				PRODUCT_BUNDLE_IDENTIFIER = com.wen.Instagram;
				PRODUCT_NAME = "$(TARGET_NAME)";
				SWIFT_OBJC_BRIDGING_HEADER = "Instagram/Instagram-Bridging-Header.h";
				SWIFT_VERSION = 4.0;
				TARGETED_DEVICE_FAMILY = "1,2";
				USER_HEADER_SEARCH_PATHS = "${SRCROOT}/**";
			};
			name = Release;
		};
/* End XCBuildConfiguration section */

/* Begin XCConfigurationList section */
		9C3EE9A2202AE03E00B069CF /* Build configuration list for PBXProject "Instagram" */ = {
			isa = XCConfigurationList;
			buildConfigurations = (
				9C3EE9B7202AE03E00B069CF /* Debug */,
				9C3EE9B8202AE03E00B069CF /* Release */,
			);
			defaultConfigurationIsVisible = 0;
			defaultConfigurationName = Release;
		};
		9C3EE9B9202AE03E00B069CF /* Build configuration list for PBXNativeTarget "Instagram" */ = {
			isa = XCConfigurationList;
			buildConfigurations = (
				9C3EE9BA202AE03E00B069CF /* Debug */,
				9C3EE9BB202AE03E00B069CF /* Release */,
			);
			defaultConfigurationIsVisible = 0;
			defaultConfigurationName = Release;
		};
/* End XCConfigurationList section */
	};
	rootObject = 9C3EE99F202AE03E00B069CF /* Project object */;
}
